PODS:
  - ConnectPay/Biometric (0.1.34):
    - ConnectPay/Core
  - ConnectPay/Core (0.1.34)
  - ConnectPay/OCR (0.1.34):
    - ConnectPay/Core
  - ConnectPay/UI (0.1.34):
    - ConnectPay/Biometric
    - ConnectPay/Core
    - ConnectPay/OCR

DEPENDENCIES:
  - ConnectPay/Biometric (from `../../`)
  - ConnectPay/OCR (from `../../`)
  - ConnectPay/UI (from `../../`)

EXTERNAL SOURCES:
  ConnectPay:
    :path: "../../"

SPEC CHECKSUMS:
  ConnectPay: 5aae3815eb8fc96d6cea93baa19e103afa843aff

PODFILE CHECKSUM: fe336c6bc5057c24e76524bb1da31fff97bcf5af

COCOAPODS: 1.11.2
