PODS:
  - ConnectPay/Biometric (0.2.0):
    - ConnectPay/Core
  - ConnectPay/Core (0.2.0)
  - ConnectPay/OCR (0.2.0):
    - ConnectPay/Core
  - ConnectPay/UI (0.2.0):
    - ConnectPay/Biometric
    - ConnectPay/Core
    - ConnectPay/OCR

DEPENDENCIES:
  - ConnectPay/Biometric (from `../../`)
  - ConnectPay/OCR (from `../../`)
  - ConnectPay/UI (from `../../`)

EXTERNAL SOURCES:
  ConnectPay:
    :path: "../../"

SPEC CHECKSUMS:
  ConnectPay: fe8f4ba742a74a7b31a9e8d40457957ee3cfc087

PODFILE CHECKSUM: fe336c6bc5057c24e76524bb1da31fff97bcf5af

COCOAPODS: 1.11.3
