// !$*UTF8*$!
{
	archiveVersion = 1;
	classes = {
	};
	objectVersion = 55;
	objects = {

/* Begin PBXBuildFile section */
		6A30978D27BB8DFA00B532BA /* Example_SPMApp.swift in Sources */ = {isa = PBXBuildFile; fileRef = 6A30977D27BB8DF900B532BA /* Example_SPMApp.swift */; };
		6A30978F27BB8DFA00B532BA /* ContentView.swift in Sources */ = {isa = PBXBuildFile; fileRef = 6A30977E27BB8DF900B532BA /* ContentView.swift */; };
		6A30979127BB8DFA00B532BA /* Assets.xcassets in Resources */ = {isa = PBXBuildFile; fileRef = 6A30977F27BB8DFA00B532BA /* Assets.xcassets */; };
		6A30979E27BB8E3000B532BA /* WebView.swift in Sources */ = {isa = PBXBuildFile; fileRef = 6A30979D27BB8E3000B532BA /* WebView.swift */; };
		6AFFA97727BB8F350047D3C9 /* ConnectPayWeb in Frameworks */ = {isa = PBXBuildFile; productRef = 6AFFA97627BB8F350047D3C9 /* ConnectPayWeb */; };
/* End PBXBuildFile section */

/* Begin PBXFileReference section */
		6A30977D27BB8DF900B532BA /* Example_SPMApp.swift */ = {isa = PBXFileReference; lastKnownFileType = sourcecode.swift; path = Example_SPMApp.swift; sourceTree = "<group>"; };
		6A30977E27BB8DF900B532BA /* ContentView.swift */ = {isa = PBXFileReference; lastKnownFileType = sourcecode.swift; path = ContentView.swift; sourceTree = "<group>"; };
		6A30977F27BB8DFA00B532BA /* Assets.xcassets */ = {isa = PBXFileReference; lastKnownFileType = folder.assetcatalog; path = Assets.xcassets; sourceTree = "<group>"; };
		6A30978427BB8DFA00B532BA /* Example_SPM.app */ = {isa = PBXFileReference; explicitFileType = wrapper.application; includeInIndex = 0; path = Example_SPM.app; sourceTree = BUILT_PRODUCTS_DIR; };
		6A30978C27BB8DFA00B532BA /* macOS.entitlements */ = {isa = PBXFileReference; lastKnownFileType = text.plist.entitlements; path = macOS.entitlements; sourceTree = "<group>"; };
		6A30979C27BB8E2500B532BA /* ConnectPay */ = {isa = PBXFileReference; lastKnownFileType = wrapper; name = ConnectPay; path = ../../..; sourceTree = "<group>"; };
		6A30979D27BB8E3000B532BA /* WebView.swift */ = {isa = PBXFileReference; lastKnownFileType = sourcecode.swift; path = WebView.swift; sourceTree = "<group>"; };
/* End PBXFileReference section */

/* Begin PBXFrameworksBuildPhase section */
		6A30978127BB8DFA00B532BA /* Frameworks */ = {
			isa = PBXFrameworksBuildPhase;
			buildActionMask = 2147483647;
			files = (
				6AFFA97727BB8F350047D3C9 /* ConnectPayWeb in Frameworks */,
			);
			runOnlyForDeploymentPostprocessing = 0;
		};
/* End PBXFrameworksBuildPhase section */

/* Begin PBXGroup section */
		6A30977727BB8DF900B532BA = {
			isa = PBXGroup;
			children = (
				6A30979B27BB8E2500B532BA /* Packages */,
				6A30977C27BB8DF900B532BA /* Shared */,
				6A30978B27BB8DFA00B532BA /* macOS */,
				6A30978527BB8DFA00B532BA /* Products */,
				6AFFA97527BB8F350047D3C9 /* Frameworks */,
			);
			sourceTree = "<group>";
		};
		6A30977C27BB8DF900B532BA /* Shared */ = {
			isa = PBXGroup;
			children = (
				6A30977D27BB8DF900B532BA /* Example_SPMApp.swift */,
				6A30979D27BB8E3000B532BA /* WebView.swift */,
				6A30977E27BB8DF900B532BA /* ContentView.swift */,
				6A30977F27BB8DFA00B532BA /* Assets.xcassets */,
			);
			path = Shared;
			sourceTree = "<group>";
		};
		6A30978527BB8DFA00B532BA /* Products */ = {
			isa = PBXGroup;
			children = (
				6A30978427BB8DFA00B532BA /* Example_SPM.app */,
			);
			name = Products;
			sourceTree = "<group>";
		};
		6A30978B27BB8DFA00B532BA /* macOS */ = {
			isa = PBXGroup;
			children = (
				6A30978C27BB8DFA00B532BA /* macOS.entitlements */,
			);
			path = macOS;
			sourceTree = "<group>";
		};
		6A30979B27BB8E2500B532BA /* Packages */ = {
			isa = PBXGroup;
			children = (
				6A30979C27BB8E2500B532BA /* ConnectPay */,
			);
			name = Packages;
			sourceTree = "<group>";
		};
		6AFFA97527BB8F350047D3C9 /* Frameworks */ = {
			isa = PBXGroup;
			children = (
			);
			name = Frameworks;
			sourceTree = "<group>";
		};
/* End PBXGroup section */

/* Begin PBXNativeTarget section */
		6A30978327BB8DFA00B532BA /* Example_SPM */ = {
			isa = PBXNativeTarget;
			buildConfigurationList = 6A30979527BB8DFA00B532BA /* Build configuration list for PBXNativeTarget "Example_SPM" */;
			buildPhases = (
				6A30978027BB8DFA00B532BA /* Sources */,
				6A30978127BB8DFA00B532BA /* Frameworks */,
				6A30978227BB8DFA00B532BA /* Resources */,
			);
			buildRules = (
			);
			dependencies = (
			);
			name = Example_SPM;
			packageProductDependencies = (
				6AFFA97627BB8F350047D3C9 /* ConnectPayWeb */,
			);
			productName = "Example_SPM (iOS)";
			productReference = 6A30978427BB8DFA00B532BA /* Example_SPM.app */;
			productType = "com.apple.product-type.application";
		};
/* End PBXNativeTarget section */

/* Begin PBXProject section */
		6A30977827BB8DF900B532BA /* Project object */ = {
			isa = PBXProject;
			attributes = {
				BuildIndependentTargetsInParallel = 1;
				LastSwiftUpdateCheck = 1330;
				LastUpgradeCheck = 1330;
				TargetAttributes = {
					6A30978327BB8DFA00B532BA = {
						CreatedOnToolsVersion = 13.3;
					};
				};
			};
			buildConfigurationList = 6A30977B27BB8DF900B532BA /* Build configuration list for PBXProject "Example_SPM" */;
			compatibilityVersion = "Xcode 13.0";
			developmentRegion = en;
			hasScannedForEncodings = 0;
			knownRegions = (
				en,
				Base,
			);
			mainGroup = 6A30977727BB8DF900B532BA;
			productRefGroup = 6A30978527BB8DFA00B532BA /* Products */;
			projectDirPath = "";
			projectRoot = "";
			targets = (
				6A30978327BB8DFA00B532BA /* Example_SPM */,
			);
		};
/* End PBXProject section */

/* Begin PBXResourcesBuildPhase section */
		6A30978227BB8DFA00B532BA /* Resources */ = {
			isa = PBXResourcesBuildPhase;
			buildActionMask = 2147483647;
			files = (
				6A30979127BB8DFA00B532BA /* Assets.xcassets in Resources */,
			);
			runOnlyForDeploymentPostprocessing = 0;
		};
/* End PBXResourcesBuildPhase section */

/* Begin PBXSourcesBuildPhase section */
		6A30978027BB8DFA00B532BA /* Sources */ = {
			isa = PBXSourcesBuildPhase;
			buildActionMask = 2147483647;
			files = (
				6A30979E27BB8E3000B532BA /* WebView.swift in Sources */,
				6A30978F27BB8DFA00B532BA /* ContentView.swift in Sources */,
				6A30978D27BB8DFA00B532BA /* Example_SPMApp.swift in Sources */,
			);
			runOnlyForDeploymentPostprocessing = 0;
		};
/* End PBXSourcesBuildPhase section */

/* Begin XCBuildConfiguration section */
		6A30979327BB8DFA00B532BA /* Debug */ = {
			isa = XCBuildConfiguration;
			buildSettings = {
				ALWAYS_SEARCH_USER_PATHS = NO;
				CLANG_ANALYZER_NONNULL = YES;
				CLANG_ANALYZER_NUMBER_OBJECT_CONVERSION = YES_AGGRESSIVE;
				CLANG_CXX_LANGUAGE_STANDARD = "gnu++17";
				CLANG_ENABLE_MODULES = YES;
				CLANG_ENABLE_OBJC_ARC = YES;
				CLANG_ENABLE_OBJC_WEAK = YES;
				CLANG_WARN_BLOCK_CAPTURE_AUTORELEASING = YES;
				CLANG_WARN_BOOL_CONVERSION = YES;
				CLANG_WARN_COMMA = YES;
				CLANG_WARN_CONSTANT_CONVERSION = YES;
				CLANG_WARN_DEPRECATED_OBJC_IMPLEMENTATIONS = YES;
				CLANG_WARN_DIRECT_OBJC_ISA_USAGE = YES_ERROR;
				CLANG_WARN_DOCUMENTATION_COMMENTS = YES;
				CLANG_WARN_EMPTY_BODY = YES;
				CLANG_WARN_ENUM_CONVERSION = YES;
				CLANG_WARN_INFINITE_RECURSION = YES;
				CLANG_WARN_INT_CONVERSION = YES;
				CLANG_WARN_NON_LITERAL_NULL_CONVERSION = YES;
				CLANG_WARN_OBJC_IMPLICIT_RETAIN_SELF = YES;
				CLANG_WARN_OBJC_LITERAL_CONVERSION = YES;
				CLANG_WARN_OBJC_ROOT_CLASS = YES_ERROR;
				CLANG_WARN_QUOTED_INCLUDE_IN_FRAMEWORK_HEADER = YES;
				CLANG_WARN_RANGE_LOOP_ANALYSIS = YES;
				CLANG_WARN_STRICT_PROTOTYPES = YES;
				CLANG_WARN_SUSPICIOUS_MOVE = YES;
				CLANG_WARN_UNGUARDED_AVAILABILITY = YES_AGGRESSIVE;
				CLANG_WARN_UNREACHABLE_CODE = YES;
				CLANG_WARN__DUPLICATE_METHOD_MATCH = YES;
				COPY_PHASE_STRIP = NO;
				DEBUG_INFORMATION_FORMAT = dwarf;
				ENABLE_STRICT_OBJC_MSGSEND = YES;
				ENABLE_TESTABILITY = YES;
				GCC_C_LANGUAGE_STANDARD = gnu11;
				GCC_DYNAMIC_NO_PIC = NO;
				GCC_NO_COMMON_BLOCKS = YES;
				GCC_OPTIMIZATION_LEVEL = 0;
				GCC_PREPROCESSOR_DEFINITIONS = (
					"DEBUG=1",
					"$(inherited)",
				);
				GCC_WARN_64_TO_32_BIT_CONVERSION = YES;
				GCC_WARN_ABOUT_RETURN_TYPE = YES_ERROR;
				GCC_WARN_UNDECLARED_SELECTOR = YES;
				GCC_WARN_UNINITIALIZED_AUTOS = YES_AGGRESSIVE;
				GCC_WARN_UNUSED_FUNCTION = YES;
				GCC_WARN_UNUSED_VARIABLE = YES;
				MTL_ENABLE_DEBUG_INFO = INCLUDE_SOURCE;
				MTL_FAST_MATH = YES;
				ONLY_ACTIVE_ARCH = YES;
				SWIFT_ACTIVE_COMPILATION_CONDITIONS = DEBUG;
				SWIFT_OPTIMIZATION_LEVEL = "-Onone";
			};
			name = Debug;
		};
		6A30979427BB8DFA00B532BA /* Release */ = {
			isa = XCBuildConfiguration;
			buildSettings = {
				ALWAYS_SEARCH_USER_PATHS = NO;
				CLANG_ANALYZER_NONNULL = YES;
				CLANG_ANALYZER_NUMBER_OBJECT_CONVERSION = YES_AGGRESSIVE;
				CLANG_CXX_LANGUAGE_STANDARD = "gnu++17";
				CLANG_ENABLE_MODULES = YES;
				CLANG_ENABLE_OBJC_ARC = YES;
				CLANG_ENABLE_OBJC_WEAK = YES;
				CLANG_WARN_BLOCK_CAPTURE_AUTORELEASING = YES;
				CLANG_WARN_BOOL_CONVERSION = YES;
				CLANG_WARN_COMMA = YES;
				CLANG_WARN_CONSTANT_CONVERSION = YES;
				CLANG_WARN_DEPRECATED_OBJC_IMPLEMENTATIONS = YES;
				CLANG_WARN_DIRECT_OBJC_ISA_USAGE = YES_ERROR;
				CLANG_WARN_DOCUMENTATION_COMMENTS = YES;
				CLANG_WARN_EMPTY_BODY = YES;
				CLANG_WARN_ENUM_CONVERSION = YES;
				CLANG_WARN_INFINITE_RECURSION = YES;
				CLANG_WARN_INT_CONVERSION = YES;
				CLANG_WARN_NON_LITERAL_NULL_CONVERSION = YES;
				CLANG_WARN_OBJC_IMPLICIT_RETAIN_SELF = YES;
				CLANG_WARN_OBJC_LITERAL_CONVERSION = YES;
				CLANG_WARN_OBJC_ROOT_CLASS = YES_ERROR;
				CLANG_WARN_QUOTED_INCLUDE_IN_FRAMEWORK_HEADER = YES;
				CLANG_WARN_RANGE_LOOP_ANALYSIS = YES;
				CLANG_WARN_STRICT_PROTOTYPES = YES;
				CLANG_WARN_SUSPICIOUS_MOVE = YES;
				CLANG_WARN_UNGUARDED_AVAILABILITY = YES_AGGRESSIVE;
				CLANG_WARN_UNREACHABLE_CODE = YES;
				CLANG_WARN__DUPLICATE_METHOD_MATCH = YES;
				COPY_PHASE_STRIP = NO;
				DEBUG_INFORMATION_FORMAT = "dwarf-with-dsym";
				ENABLE_NS_ASSERTIONS = NO;
				ENABLE_STRICT_OBJC_MSGSEND = YES;
				GCC_C_LANGUAGE_STANDARD = gnu11;
				GCC_NO_COMMON_BLOCKS = YES;
				GCC_WARN_64_TO_32_BIT_CONVERSION = YES;
				GCC_WARN_ABOUT_RETURN_TYPE = YES_ERROR;
				GCC_WARN_UNDECLARED_SELECTOR = YES;
				GCC_WARN_UNINITIALIZED_AUTOS = YES_AGGRESSIVE;
				GCC_WARN_UNUSED_FUNCTION = YES;
				GCC_WARN_UNUSED_VARIABLE = YES;
				MTL_ENABLE_DEBUG_INFO = NO;
				MTL_FAST_MATH = YES;
				SWIFT_COMPILATION_MODE = wholemodule;
				SWIFT_OPTIMIZATION_LEVEL = "-O";
			};
			name = Release;
		};
		6A30979627BB8DFA00B532BA /* Debug */ = {
			isa = XCBuildConfiguration;
			buildSettings = {
				ASSETCATALOG_COMPILER_APPICON_NAME = AppIcon;
				ASSETCATALOG_COMPILER_GLOBAL_ACCENT_COLOR_NAME = AccentColor;
				CODE_SIGN_STYLE = Automatic;
				CURRENT_PROJECT_VERSION = 1;
				DEVELOPMENT_TEAM = NXA4356DUW;
				ENABLE_PREVIEWS = YES;
				GENERATE_INFOPLIST_FILE = YES;
				INFOPLIST_KEY_UIApplicationSceneManifest_Generation = YES;
				INFOPLIST_KEY_UIApplicationSupportsIndirectInputEvents = YES;
				INFOPLIST_KEY_UILaunchScreen_Generation = YES;
				INFOPLIST_KEY_UISupportedInterfaceOrientations_iPad = "UIInterfaceOrientationPortrait UIInterfaceOrientationPortraitUpsideDown UIInterfaceOrientationLandscapeLeft UIInterfaceOrientationLandscapeRight";
				INFOPLIST_KEY_UISupportedInterfaceOrientations_iPhone = "UIInterfaceOrientationPortrait UIInterfaceOrientationLandscapeLeft UIInterfaceOrientationLandscapeRight";
				IPHONEOS_DEPLOYMENT_TARGET = 15.4;
				LD_RUNPATH_SEARCH_PATHS = (
					"$(inherited)",
					"@executable_path/Frameworks",
				);
				MARKETING_VERSION = 1.0;
				PRODUCT_BUNDLE_IDENTIFIER = "com.tosspayments.Example-SPM";
				PRODUCT_NAME = Example_SPM;
				SDKROOT = iphoneos;
				SWIFT_EMIT_LOC_STRINGS = YES;
				SWIFT_VERSION = 5.0;
				TARGETED_DEVICE_FAMILY = "1,2";
			};
			name = Debug;
		};
		6A30979727BB8DFA00B532BA /* Release */ = {
			isa = XCBuildConfiguration;
			buildSettings = {
				ASSETCATALOG_COMPILER_APPICON_NAME = AppIcon;
				ASSETCATALOG_COMPILER_GLOBAL_ACCENT_COLOR_NAME = AccentColor;
				CODE_SIGN_STYLE = Automatic;
				CURRENT_PROJECT_VERSION = 1;
				DEVELOPMENT_TEAM = NXA4356DUW;
				ENABLE_PREVIEWS = YES;
				GENERATE_INFOPLIST_FILE = YES;
				INFOPLIST_KEY_UIApplicationSceneManifest_Generation = YES;
				INFOPLIST_KEY_UIApplicationSupportsIndirectInputEvents = YES;
				INFOPLIST_KEY_UILaunchScreen_Generation = YES;
				INFOPLIST_KEY_UISupportedInterfaceOrientations_iPad = "UIInterfaceOrientationPortrait UIInterfaceOrientationPortraitUpsideDown UIInterfaceOrientationLandscapeLeft UIInterfaceOrientationLandscapeRight";
				INFOPLIST_KEY_UISupportedInterfaceOrientations_iPhone = "UIInterfaceOrientationPortrait UIInterfaceOrientationLandscapeLeft UIInterfaceOrientationLandscapeRight";
				IPHONEOS_DEPLOYMENT_TARGET = 15.4;
				LD_RUNPATH_SEARCH_PATHS = (
					"$(inherited)",
					"@executable_path/Frameworks",
				);
				MARKETING_VERSION = 1.0;
				PRODUCT_BUNDLE_IDENTIFIER = "com.tosspayments.Example-SPM";
				PRODUCT_NAME = Example_SPM;
				SDKROOT = iphoneos;
				SWIFT_EMIT_LOC_STRINGS = YES;
				SWIFT_VERSION = 5.0;
				TARGETED_DEVICE_FAMILY = "1,2";
				VALIDATE_PRODUCT = YES;
			};
			name = Release;
		};
/* End XCBuildConfiguration section */

/* Begin XCConfigurationList section */
		6A30977B27BB8DF900B532BA /* Build configuration list for PBXProject "Example_SPM" */ = {
			isa = XCConfigurationList;
			buildConfigurations = (
				6A30979327BB8DFA00B532BA /* Debug */,
				6A30979427BB8DFA00B532BA /* Release */,
			);
			defaultConfigurationIsVisible = 0;
			defaultConfigurationName = Release;
		};
		6A30979527BB8DFA00B532BA /* Build configuration list for PBXNativeTarget "Example_SPM" */ = {
			isa = XCConfigurationList;
			buildConfigurations = (
				6A30979627BB8DFA00B532BA /* Debug */,
				6A30979727BB8DFA00B532BA /* Release */,
			);
			defaultConfigurationIsVisible = 0;
			defaultConfigurationName = Release;
		};
/* End XCConfigurationList section */

/* Begin XCSwiftPackageProductDependency section */
		6AFFA97627BB8F350047D3C9 /* ConnectPayWeb */ = {
			isa = XCSwiftPackageProductDependency;
			productName = ConnectPayWeb;
		};
/* End XCSwiftPackageProductDependency section */
	};
	rootObject = 6A30977827BB8DF900B532BA /* Project object */;
}
